<?xml version="1.0" encoding="utf-8"?>
<Project ToolsVersion="4.0" xmlns="http://schemas.microsoft.com/developer/msbuild/2003">
  <ItemGroup>
    <Filter Include="Source Files">
      <UniqueIdentifier>{4FC737F1-C7A5-4376-A066-2A32D752A2FF}</UniqueIdentifier>
      <Extensions>cpp;c;cc;cxx;def;odl;idl;hpj;bat;asm;asmx</Extensions>
    </Filter>
    <Filter Include="Header Files">
      <UniqueIdentifier>{93995380-89BD-4b04-88EB-625FBE52EBFB}</UniqueIdentifier>
      <Extensions>h;hh;hpp;hxx;hm;inl;inc;ipp;xsd</Extensions>
    </Filter>
    <Filter Include="Resource Files">
      <UniqueIdentifier>{67DA6AB6-F800-4c08-8B7A-83BB121AAD01}</UniqueIdentifier>
      <Extensions>rc;ico;cur;bmp;dlg;rc2;rct;bin;rgs;gif;jpg;jpeg;jpe;resx;tiff;tif;png;wav;mfcribbon-ms</Extensions>
    </Filter>
    <Filter Include="Helix">
      <UniqueIdentifier>{ce26177a-a34b-4af1-acda-94d3b9e98cba}</UniqueIdentifier>
    </Filter>
    <Filter Include="Helix\Pub">
      <UniqueIdentifier>{d5f92a91-b56b-4881-9740-8d71b7f3109a}</UniqueIdentifier>
    </Filter>
    <Filter Include="Helix\Real">
      <UniqueIdentifier>{dfd7a978-5daa-4a32-8afb-0a331027f1a8}</UniqueIdentifier>
    </Filter>
  </ItemGroup>
  <ItemGroup>
    <ClCompile Include="Main.cpp">
      <Filter>Source Files</Filter>
    </ClCompile>
    <ClCompile Include="UI.c">
      <Filter>Source Files</Filter>
    </ClCompile>
    <ClCompile Include="helix\real\bitstream.c">
      <Filter>Helix\Real</Filter>
    </ClCompile>
    <ClCompile Include="helix\real\buffers.c">
      <Filter>Helix\Real</Filter>
    </ClCompile>
    <ClCompile Include="helix\real\dct32.c">
      <Filter>Helix\Real</Filter>
    </ClCompile>
    <ClCompile Include="helix\real\dequant.c">
      <Filter>Helix\Real</Filter>
    </ClCompile>
    <ClCompile Include="helix\real\dqchan.c">
      <Filter>Helix\Real</Filter>
    </ClCompile>
    <ClCompile Include="helix\real\huffman.c">
      <Filter>Helix\Real</Filter>
    </ClCompile>
    <ClCompile Include="helix\real\hufftabs.c">
      <Filter>Helix\Real</Filter>
    </ClCompile>
    <ClCompile Include="helix\real\imdct.c">
      <Filter>Helix\Real</Filter>
    </ClCompile>
    <ClCompile Include="helix\real\polyphase.c">
      <Filter>Helix\Real</Filter>
    </ClCompile>
    <ClCompile Include="helix\real\scalfact.c">
      <Filter>Helix\Real</Filter>
    </ClCompile>
    <ClCompile Include="helix\real\stproc.c">
      <Filter>Helix\Real</Filter>
    </ClCompile>
    <ClCompile Include="helix\real\subband.c">
      <Filter>Helix\Real</Filter>
    </ClCompile>
    <ClCompile Include="helix\real\trigtabs_fixpt.c">
      <Filter>Helix\Real</Filter>
    </ClCompile>
    <ClCompile Include="helix\mp3dec.c">
      <Filter>Helix</Filter>
    </ClCompile>
    <ClCompile Include="helix\mp3tabs.c">
      <Filter>Helix</Filter>
    </ClCompile>
  </ItemGroup>
  <ItemGroup>
    <None Include="packages.config" />
  </ItemGroup>
  <ItemGroup>
    <ClInclude Include="UI.h">
      <Filter>Header Files</Filter>
    </ClInclude>
    <ClInclude Include="helix\pub\statname.h">
      <Filter>Helix\Pub</Filter>
    </ClInclude>
    <ClInclude Include="helix\pub\mpadecobjfixpt.h">
      <Filter>Helix\Pub</Filter>
    </ClInclude>
    <ClInclude Include="helix\pub\mp3dec.h">
      <Filter>Helix\Pub</Filter>
    </ClInclude>
    <ClInclude Include="helix\real\assembly.h">
      <Filter>Helix\Real</Filter>
    </ClInclude>
    <ClInclude Include="helix\real\coder.h">
      <Filter>Helix\Real</Filter>
    </ClInclude>
    <ClInclude Include="helix\platform.h">
      <Filter>Helix</Filter>
    </ClInclude>
    <ClInclude Include="helix\pub\mp3common.h">
      <Filter>Helix\Pub</Filter>
    </ClInclude>
  </ItemGroup>
</Project>